
Microsoft Visual Studio Solution File, Format Version 12.00
# Visual Studio 2017
Project("{FAE04EC0-301F-11D3-BF4B-00C04F79EFBC}") = "ProjectRPG", "ProjectRPG.csproj", "{8D145E1B-842C-E2E3-3FE4-1F79A915BE55}"
EndProject
Project("{FAE04EC0-301F-11D3-BF4B-00C04F79EFBC}") = "ProjectRPG.Plugins", "ProjectRPG.Plugins.csproj", "{E6139263-4241-1330-26F3-DB9980F0B30D}"
EndProject
Global
	GlobalSection(SolutionConfigurationPlatforms) = preSolution
		Debug|Any CPU = Debug|Any CPU
		Release|Any CPU = Release|Any CPU
	EndGlobalSection
	GlobalSection(ProjectConfigurationPlatforms) = postSolution
		{8D145E1B-842C-E2E3-3FE4-1F79A915BE55}.Debug|Any CPU.ActiveCfg = Debug|Any CPU
		{8D145E1B-842C-E2E3-3FE4-1F79A915BE55}.Debug|Any CPU.Build.0 = Debug|Any CPU
		{8D145E1B-842C-E2E3-3FE4-1F79A915BE55}.Release|Any CPU.ActiveCfg = Release|Any CPU
		{8D145E1B-842C-E2E3-3FE4-1F79A915BE55}.Release|Any CPU.Build.0 = Release|Any CPU
		{E6139263-4241-1330-26F3-DB9980F0B30D}.Debug|Any CPU.ActiveCfg = Debug|Any CPU
		{E6139263-4241-1330-26F3-DB9980F0B30D}.Debug|Any CPU.Build.0 = Debug|Any CPU
		{E6139263-4241-1330-26F3-DB9980F0B30D}.Release|Any CPU.ActiveCfg = Release|Any CPU
		{E6139263-4241-1330-26F3-DB9980F0B30D}.Release|Any CPU.Build.0 = Release|Any CPU
	EndGlobalSection
	GlobalSection(SolutionProperties) = preSolution
		HideSolutionNode = FALSE
	EndGlobalSection
EndGlobal
